// !$*UTF8*$!
{
	archiveVersion = 1;
	classes = {
	};
	objectVersion = 50;
	objects = {

/* Begin PBXBuildFile section */
		332CA6324F099F73C380C025 /* Pods_SnapKit_Intro.framework in Frameworks */ = {isa = PBXBuildFile; fileRef = ABDAE0183AD60AB9B78FC8B9 /* Pods_SnapKit_Intro.framework */; };
		F0125A76220CBBD300469277 /* AppDelegate.swift in Sources */ = {isa = PBXBuildFile; fileRef = F0125A75220CBBD300469277 /* AppDelegate.swift */; };
		F0125A78220CBBD300469277 /* QuizViewController.swift in Sources */ = {isa = PBXBuildFile; fileRef = F0125A77220CBBD300469277 /* QuizViewController.swift */; };
		F0125A7D220CBBD500469277 /* Assets.xcassets in Resources */ = {isa = PBXBuildFile; fileRef = F0125A7C220CBBD500469277 /* Assets.xcassets */; };
		F0125A80220CBBD500469277 /* LaunchScreen.storyboard in Resources */ = {isa = PBXBuildFile; fileRef = F0125A7E220CBBD500469277 /* LaunchScreen.storyboard */; };
		F02C4865220F156800F6F8F6 /* InputViewModel.swift in Sources */ = {isa = PBXBuildFile; fileRef = F02C4864220F156800F6F8F6 /* InputViewModel.swift */; };
		F02C4867220F30C900F6F8F6 /* DisplayViewModel.swift in Sources */ = {isa = PBXBuildFile; fileRef = F02C4866220F30C900F6F8F6 /* DisplayViewModel.swift */; };
		F0ADC4B9220CC0F30030C487 /* NumberPadView.swift in Sources */ = {isa = PBXBuildFile; fileRef = F0ADC4B8220CC0F30030C487 /* NumberPadView.swift */; };
		F0ADC4BE220DF8E00030C487 /* UIColor + Extensions.swift in Sources */ = {isa = PBXBuildFile; fileRef = F0ADC4BD220DF8E00030C487 /* UIColor + Extensions.swift */; };
		F0ADC4D4220DFC230030C487 /* Rubik-BoldItalic.ttf in Resources */ = {isa = PBXBuildFile; fileRef = F0ADC4CA220DFC210030C487 /* Rubik-BoldItalic.ttf */; };
		F0ADC4D5220DFC230030C487 /* Rubik-Light.ttf in Resources */ = {isa = PBXBuildFile; fileRef = F0ADC4CB220DFC210030C487 /* Rubik-Light.ttf */; };
		F0ADC4D6220DFC230030C487 /* Rubik-Italic.ttf in Resources */ = {isa = PBXBuildFile; fileRef = F0ADC4CC220DFC210030C487 /* Rubik-Italic.ttf */; };
		F0ADC4D7220DFC230030C487 /* Rubik-LightItalic.ttf in Resources */ = {isa = PBXBuildFile; fileRef = F0ADC4CD220DFC220030C487 /* Rubik-LightItalic.ttf */; };
		F0ADC4D8220DFC230030C487 /* Rubik-BlackItalic.ttf in Resources */ = {isa = PBXBuildFile; fileRef = F0ADC4CE220DFC220030C487 /* Rubik-BlackItalic.ttf */; };
		F0ADC4D9220DFC230030C487 /* Rubik-Black.ttf in Resources */ = {isa = PBXBuildFile; fileRef = F0ADC4CF220DFC220030C487 /* Rubik-Black.ttf */; };
		F0ADC4DA220DFC230030C487 /* Rubik-Medium.ttf in Resources */ = {isa = PBXBuildFile; fileRef = F0ADC4D0220DFC220030C487 /* Rubik-Medium.ttf */; };
		F0ADC4DB220DFC230030C487 /* Rubik-MediumItalic.ttf in Resources */ = {isa = PBXBuildFile; fileRef = F0ADC4D1220DFC220030C487 /* Rubik-MediumItalic.ttf */; };
		F0ADC4DC220DFC230030C487 /* Rubik-Bold.ttf in Resources */ = {isa = PBXBuildFile; fileRef = F0ADC4D2220DFC230030C487 /* Rubik-Bold.ttf */; };
		F0ADC4DD220DFC230030C487 /* Rubik-Regular.ttf in Resources */ = {isa = PBXBuildFile; fileRef = F0ADC4D3220DFC230030C487 /* Rubik-Regular.ttf */; };
		F0ADC4DF220E33100030C487 /* PadBtn.swift in Sources */ = {isa = PBXBuildFile; fileRef = F0ADC4DE220E33100030C487 /* PadBtn.swift */; };
		F0ADC4E1220EE9090030C487 /* DisplayView.swift in Sources */ = {isa = PBXBuildFile; fileRef = F0ADC4E0220EE9090030C487 /* DisplayView.swift */; };
		F0ADC4E4220EF03E0030C487 /* Answer.swift in Sources */ = {isa = PBXBuildFile; fileRef = F0ADC4E3220EF03E0030C487 /* Answer.swift */; };
		F0AE5243220F68C000463758 /* QuizViewModel.swift in Sources */ = {isa = PBXBuildFile; fileRef = F0AE5242220F68C000463758 /* QuizViewModel.swift */; };
		F0AE524B220F70EE00463758 /* SnapKit_IntroTests.swift in Sources */ = {isa = PBXBuildFile; fileRef = F0AE524A220F70EE00463758 /* SnapKit_IntroTests.swift */; };
		F0E82B3722248275009A4171 /* InputViewModelTests.swift in Sources */ = {isa = PBXBuildFile; fileRef = F0E82B3622248275009A4171 /* InputViewModelTests.swift */; };
		F0E82B39222482AA009A4171 /* DisplayViewModelTests.swift in Sources */ = {isa = PBXBuildFile; fileRef = F0E82B38222482AA009A4171 /* DisplayViewModelTests.swift */; };
/* End PBXBuildFile section */

/* Begin PBXContainerItemProxy section */
		F0AE524D220F70EE00463758 /* PBXContainerItemProxy */ = {
			isa = PBXContainerItemProxy;
			containerPortal = F0125A6A220CBBD300469277 /* Project object */;
			proxyType = 1;
			remoteGlobalIDString = F0125A71220CBBD300469277;
			remoteInfo = "SnapKit-Intro";
		};
/* End PBXContainerItemProxy section */

/* Begin PBXFileReference section */
		1EBF527FDA47FEE588A35FD8 /* Pods-SnapKit-Intro.debug.xcconfig */ = {isa = PBXFileReference; includeInIndex = 1; lastKnownFileType = text.xcconfig; name = "Pods-SnapKit-Intro.debug.xcconfig"; path = "Pods/Target Support Files/Pods-SnapKit-Intro/Pods-SnapKit-Intro.debug.xcconfig"; sourceTree = "<group>"; };
		71A803D9B1F3D1D52E720FFB /* Pods-SnapKit-Intro.release.xcconfig */ = {isa = PBXFileReference; includeInIndex = 1; lastKnownFileType = text.xcconfig; name = "Pods-SnapKit-Intro.release.xcconfig"; path = "Pods/Target Support Files/Pods-SnapKit-Intro/Pods-SnapKit-Intro.release.xcconfig"; sourceTree = "<group>"; };
		ABDAE0183AD60AB9B78FC8B9 /* Pods_SnapKit_Intro.framework */ = {isa = PBXFileReference; explicitFileType = wrapper.framework; includeInIndex = 0; path = Pods_SnapKit_Intro.framework; sourceTree = BUILT_PRODUCTS_DIR; };
		F0125A72220CBBD300469277 /* SnapKit-Intro.app */ = {isa = PBXFileReference; explicitFileType = wrapper.application; includeInIndex = 0; path = "SnapKit-Intro.app"; sourceTree = BUILT_PRODUCTS_DIR; };
		F0125A75220CBBD300469277 /* AppDelegate.swift */ = {isa = PBXFileReference; lastKnownFileType = sourcecode.swift; path = AppDelegate.swift; sourceTree = "<group>"; };
		F0125A77220CBBD300469277 /* QuizViewController.swift */ = {isa = PBXFileReference; lastKnownFileType = sourcecode.swift; path = QuizViewController.swift; sourceTree = "<group>"; };
		F0125A7C220CBBD500469277 /* Assets.xcassets */ = {isa = PBXFileReference; lastKnownFileType = folder.assetcatalog; path = Assets.xcassets; sourceTree = "<group>"; };
		F0125A7F220CBBD500469277 /* Base */ = {isa = PBXFileReference; lastKnownFileType = file.storyboard; name = Base; path = Base.lproj/LaunchScreen.storyboard; sourceTree = "<group>"; };
		F0125A81220CBBD500469277 /* Info.plist */ = {isa = PBXFileReference; lastKnownFileType = text.plist.xml; path = Info.plist; sourceTree = "<group>"; };
		F02C4864220F156800F6F8F6 /* InputViewModel.swift */ = {isa = PBXFileReference; lastKnownFileType = sourcecode.swift; path = InputViewModel.swift; sourceTree = "<group>"; };
		F02C4866220F30C900F6F8F6 /* DisplayViewModel.swift */ = {isa = PBXFileReference; lastKnownFileType = sourcecode.swift; path = DisplayViewModel.swift; sourceTree = "<group>"; };
		F0ADC4B8220CC0F30030C487 /* NumberPadView.swift */ = {isa = PBXFileReference; lastKnownFileType = sourcecode.swift; path = NumberPadView.swift; sourceTree = "<group>"; };
		F0ADC4BD220DF8E00030C487 /* UIColor + Extensions.swift */ = {isa = PBXFileReference; lastKnownFileType = sourcecode.swift; path = "UIColor + Extensions.swift"; sourceTree = "<group>"; };
		F0ADC4CA220DFC210030C487 /* Rubik-BoldItalic.ttf */ = {isa = PBXFileReference; lastKnownFileType = file; path = "Rubik-BoldItalic.ttf"; sourceTree = "<group>"; };
		F0ADC4CB220DFC210030C487 /* Rubik-Light.ttf */ = {isa = PBXFileReference; lastKnownFileType = file; path = "Rubik-Light.ttf"; sourceTree = "<group>"; };
		F0ADC4CC220DFC210030C487 /* Rubik-Italic.ttf */ = {isa = PBXFileReference; lastKnownFileType = file; path = "Rubik-Italic.ttf"; sourceTree = "<group>"; };
		F0ADC4CD220DFC220030C487 /* Rubik-LightItalic.ttf */ = {isa = PBXFileReference; lastKnownFileType = file; path = "Rubik-LightItalic.ttf"; sourceTree = "<group>"; };
		F0ADC4CE220DFC220030C487 /* Rubik-BlackItalic.ttf */ = {isa = PBXFileReference; lastKnownFileType = file; path = "Rubik-BlackItalic.ttf"; sourceTree = "<group>"; };
		F0ADC4CF220DFC220030C487 /* Rubik-Black.ttf */ = {isa = PBXFileReference; lastKnownFileType = file; path = "Rubik-Black.ttf"; sourceTree = "<group>"; };
		F0ADC4D0220DFC220030C487 /* Rubik-Medium.ttf */ = {isa = PBXFileReference; lastKnownFileType = file; path = "Rubik-Medium.ttf"; sourceTree = "<group>"; };
		F0ADC4D1220DFC220030C487 /* Rubik-MediumItalic.ttf */ = {isa = PBXFileReference; lastKnownFileType = file; path = "Rubik-MediumItalic.ttf"; sourceTree = "<group>"; };
		F0ADC4D2220DFC230030C487 /* Rubik-Bold.ttf */ = {isa = PBXFileReference; lastKnownFileType = file; path = "Rubik-Bold.ttf"; sourceTree = "<group>"; };
		F0ADC4D3220DFC230030C487 /* Rubik-Regular.ttf */ = {isa = PBXFileReference; lastKnownFileType = file; path = "Rubik-Regular.ttf"; sourceTree = "<group>"; };
		F0ADC4DE220E33100030C487 /* PadBtn.swift */ = {isa = PBXFileReference; lastKnownFileType = sourcecode.swift; path = PadBtn.swift; sourceTree = "<group>"; };
		F0ADC4E0220EE9090030C487 /* DisplayView.swift */ = {isa = PBXFileReference; lastKnownFileType = sourcecode.swift; path = DisplayView.swift; sourceTree = "<group>"; };
		F0ADC4E3220EF03E0030C487 /* Answer.swift */ = {isa = PBXFileReference; lastKnownFileType = sourcecode.swift; path = Answer.swift; sourceTree = "<group>"; };
		F0AE5242220F68C000463758 /* QuizViewModel.swift */ = {isa = PBXFileReference; lastKnownFileType = sourcecode.swift; path = QuizViewModel.swift; sourceTree = "<group>"; };
		F0AE5248220F70ED00463758 /* SnapKit-IntroTests.xctest */ = {isa = PBXFileReference; explicitFileType = wrapper.cfbundle; includeInIndex = 0; path = "SnapKit-IntroTests.xctest"; sourceTree = BUILT_PRODUCTS_DIR; };
		F0AE524A220F70EE00463758 /* SnapKit_IntroTests.swift */ = {isa = PBXFileReference; lastKnownFileType = sourcecode.swift; path = SnapKit_IntroTests.swift; sourceTree = "<group>"; };
		F0AE524C220F70EE00463758 /* Info.plist */ = {isa = PBXFileReference; lastKnownFileType = text.plist.xml; path = Info.plist; sourceTree = "<group>"; };
		F0E82B3622248275009A4171 /* InputViewModelTests.swift */ = {isa = PBXFileReference; lastKnownFileType = sourcecode.swift; path = InputViewModelTests.swift; sourceTree = "<group>"; };
		F0E82B38222482AA009A4171 /* DisplayViewModelTests.swift */ = {isa = PBXFileReference; lastKnownFileType = sourcecode.swift; path = DisplayViewModelTests.swift; sourceTree = "<group>"; };
/* End PBXFileReference section */

/* Begin PBXFrameworksBuildPhase section */
		F0125A6F220CBBD300469277 /* Frameworks */ = {
			isa = PBXFrameworksBuildPhase;
			buildActionMask = 2147483647;
			files = (
				332CA6324F099F73C380C025 /* Pods_SnapKit_Intro.framework in Frameworks */,
			);
			runOnlyForDeploymentPostprocessing = 0;
		};
		F0AE5245220F70ED00463758 /* Frameworks */ = {
			isa = PBXFrameworksBuildPhase;
			buildActionMask = 2147483647;
			files = (
			);
			runOnlyForDeploymentPostprocessing = 0;
		};
/* End PBXFrameworksBuildPhase section */

/* Begin PBXGroup section */
		5F2B455A3069A687D1073E35 /* Frameworks */ = {
			isa = PBXGroup;
			children = (
				ABDAE0183AD60AB9B78FC8B9 /* Pods_SnapKit_Intro.framework */,
			);
			name = Frameworks;
			sourceTree = "<group>";
		};
		C09D30C777390FC124005A50 /* Pods */ = {
			isa = PBXGroup;
			children = (
				1EBF527FDA47FEE588A35FD8 /* Pods-SnapKit-Intro.debug.xcconfig */,
				71A803D9B1F3D1D52E720FFB /* Pods-SnapKit-Intro.release.xcconfig */,
			);
			name = Pods;
			sourceTree = "<group>";
		};
		F0125A69220CBBD300469277 = {
			isa = PBXGroup;
			children = (
				F0125A74220CBBD300469277 /* SnapKit-Intro */,
				F0AE5249220F70ED00463758 /* SnapKit-IntroTests */,
				F0125A73220CBBD300469277 /* Products */,
				C09D30C777390FC124005A50 /* Pods */,
				5F2B455A3069A687D1073E35 /* Frameworks */,
			);
			sourceTree = "<group>";
		};
		F0125A73220CBBD300469277 /* Products */ = {
			isa = PBXGroup;
			children = (
				F0125A72220CBBD300469277 /* SnapKit-Intro.app */,
				F0AE5248220F70ED00463758 /* SnapKit-IntroTests.xctest */,
			);
			name = Products;
			sourceTree = "<group>";
		};
		F0125A74220CBBD300469277 /* SnapKit-Intro */ = {
			isa = PBXGroup;
			children = (
				F0ADC4BA220DF5860030C487 /* Views */,
				F0ADC4E5220EF25D0030C487 /* ViewModel */,
				F0ADC4BF220DFBD30030C487 /* Fonts */,
				F0ADC4BC220DF8780030C487 /* Extensions */,
				F0ADC4BB220DF58C0030C487 /* Constants */,
				F0125A75220CBBD300469277 /* AppDelegate.swift */,
				F0125A77220CBBD300469277 /* QuizViewController.swift */,
				F0ADC4E2220EF00D0030C487 /* Model */,
				F0125A7C220CBBD500469277 /* Assets.xcassets */,
				F0125A7E220CBBD500469277 /* LaunchScreen.storyboard */,
				F0125A81220CBBD500469277 /* Info.plist */,
			);
			path = "SnapKit-Intro";
			sourceTree = "<group>";
		};
		F0ADC4BA220DF5860030C487 /* Views */ = {
			isa = PBXGroup;
			children = (
				F0ADC4B8220CC0F30030C487 /* NumberPadView.swift */,
				F0ADC4DE220E33100030C487 /* PadBtn.swift */,
				F0ADC4E0220EE9090030C487 /* DisplayView.swift */,
			);
			path = Views;
			sourceTree = "<group>";
		};
		F0ADC4BB220DF58C0030C487 /* Constants */ = {
			isa = PBXGroup;
			children = (
			);
			path = Constants;
			sourceTree = "<group>";
		};
		F0ADC4BC220DF8780030C487 /* Extensions */ = {
			isa = PBXGroup;
			children = (
				F0ADC4BD220DF8E00030C487 /* UIColor + Extensions.swift */,
			);
			path = Extensions;
			sourceTree = "<group>";
		};
		F0ADC4BF220DFBD30030C487 /* Fonts */ = {
			isa = PBXGroup;
			children = (
				F0ADC4CF220DFC220030C487 /* Rubik-Black.ttf */,
				F0ADC4CE220DFC220030C487 /* Rubik-BlackItalic.ttf */,
				F0ADC4D2220DFC230030C487 /* Rubik-Bold.ttf */,
				F0ADC4CA220DFC210030C487 /* Rubik-BoldItalic.ttf */,
				F0ADC4CC220DFC210030C487 /* Rubik-Italic.ttf */,
				F0ADC4CB220DFC210030C487 /* Rubik-Light.ttf */,
				F0ADC4CD220DFC220030C487 /* Rubik-LightItalic.ttf */,
				F0ADC4D0220DFC220030C487 /* Rubik-Medium.ttf */,
				F0ADC4D1220DFC220030C487 /* Rubik-MediumItalic.ttf */,
				F0ADC4D3220DFC230030C487 /* Rubik-Regular.ttf */,
			);
			path = Fonts;
			sourceTree = "<group>";
		};
		F0ADC4E2220EF00D0030C487 /* Model */ = {
			isa = PBXGroup;
			children = (
				F0ADC4E3220EF03E0030C487 /* Answer.swift */,
			);
			path = Model;
			sourceTree = "<group>";
		};
		F0ADC4E5220EF25D0030C487 /* ViewModel */ = {
			isa = PBXGroup;
			children = (
				F02C4864220F156800F6F8F6 /* InputViewModel.swift */,
				F02C4866220F30C900F6F8F6 /* DisplayViewModel.swift */,
				F0AE5242220F68C000463758 /* QuizViewModel.swift */,
			);
			path = ViewModel;
			sourceTree = "<group>";
		};
		F0AE5249220F70ED00463758 /* SnapKit-IntroTests */ = {
			isa = PBXGroup;
			children = (
				F0AE524A220F70EE00463758 /* SnapKit_IntroTests.swift */,
				F0AE524C220F70EE00463758 /* Info.plist */,
				F0E82B3622248275009A4171 /* InputViewModelTests.swift */,
				F0E82B38222482AA009A4171 /* DisplayViewModelTests.swift */,
			);
			path = "SnapKit-IntroTests";
			sourceTree = "<group>";
		};
/* End PBXGroup section */

/* Begin PBXNativeTarget section */
		F0125A71220CBBD300469277 /* SnapKit-Intro */ = {
			isa = PBXNativeTarget;
			buildConfigurationList = F0125A84220CBBD500469277 /* Build configuration list for PBXNativeTarget "SnapKit-Intro" */;
			buildPhases = (
				98A65F93F34DAF3731A02176 /* [CP] Check Pods Manifest.lock */,
				F0125A6E220CBBD300469277 /* Sources */,
				F0125A6F220CBBD300469277 /* Frameworks */,
				F0125A70220CBBD300469277 /* Resources */,
				5AD4C9A4B615E42AF25855C7 /* [CP] Embed Pods Frameworks */,
			);
			buildRules = (
			);
			dependencies = (
			);
			name = "SnapKit-Intro";
			productName = "SnapKit-Intro";
			productReference = F0125A72220CBBD300469277 /* SnapKit-Intro.app */;
			productType = "com.apple.product-type.application";
		};
		F0AE5247220F70ED00463758 /* SnapKit-IntroTests */ = {
			isa = PBXNativeTarget;
			buildConfigurationList = F0AE524F220F70EE00463758 /* Build configuration list for PBXNativeTarget "SnapKit-IntroTests" */;
			buildPhases = (
				F0AE5244220F70ED00463758 /* Sources */,
				F0AE5245220F70ED00463758 /* Frameworks */,
				F0AE5246220F70ED00463758 /* Resources */,
			);
			buildRules = (
			);
			dependencies = (
				F0AE524E220F70EE00463758 /* PBXTargetDependency */,
			);
			name = "SnapKit-IntroTests";
			productName = "SnapKit-IntroTests";
			productReference = F0AE5248220F70ED00463758 /* SnapKit-IntroTests.xctest */;
			productType = "com.apple.product-type.bundle.unit-test";
		};
/* End PBXNativeTarget section */

/* Begin PBXProject section */
		F0125A6A220CBBD300469277 /* Project object */ = {
			isa = PBXProject;
			attributes = {
				LastSwiftUpdateCheck = 1010;
				LastUpgradeCheck = 1010;
				ORGANIZATIONNAME = landahoy55;
				TargetAttributes = {
					F0125A71220CBBD300469277 = {
						CreatedOnToolsVersion = 10.1;
					};
					F0AE5247220F70ED00463758 = {
						CreatedOnToolsVersion = 10.1;
						TestTargetID = F0125A71220CBBD300469277;
					};
				};
			};
			buildConfigurationList = F0125A6D220CBBD300469277 /* Build configuration list for PBXProject "SnapKit-Intro" */;
			compatibilityVersion = "Xcode 9.3";
			developmentRegion = en;
			hasScannedForEncodings = 0;
			knownRegions = (
				en,
				Base,
			);
			mainGroup = F0125A69220CBBD300469277;
			productRefGroup = F0125A73220CBBD300469277 /* Products */;
			projectDirPath = "";
			projectRoot = "";
			targets = (
				F0125A71220CBBD300469277 /* SnapKit-Intro */,
				F0AE5247220F70ED00463758 /* SnapKit-IntroTests */,
			);
		};
/* End PBXProject section */

/* Begin PBXResourcesBuildPhase section */
		F0125A70220CBBD300469277 /* Resources */ = {
			isa = PBXResourcesBuildPhase;
			buildActionMask = 2147483647;
			files = (
				F0125A80220CBBD500469277 /* LaunchScreen.storyboard in Resources */,
				F0ADC4DC220DFC230030C487 /* Rubik-Bold.ttf in Resources */,
				F0ADC4D4220DFC230030C487 /* Rubik-BoldItalic.ttf in Resources */,
				F0ADC4D7220DFC230030C487 /* Rubik-LightItalic.ttf in Resources */,
				F0ADC4D6220DFC230030C487 /* Rubik-Italic.ttf in Resources */,
				F0ADC4D5220DFC230030C487 /* Rubik-Light.ttf in Resources */,
				F0125A7D220CBBD500469277 /* Assets.xcassets in Resources */,
				F0ADC4D9220DFC230030C487 /* Rubik-Black.ttf in Resources */,
				F0ADC4D8220DFC230030C487 /* Rubik-BlackItalic.ttf in Resources */,
				F0ADC4DD220DFC230030C487 /* Rubik-Regular.ttf in Resources */,
				F0ADC4DB220DFC230030C487 /* Rubik-MediumItalic.ttf in Resources */,
				F0ADC4DA220DFC230030C487 /* Rubik-Medium.ttf in Resources */,
			);
			runOnlyForDeploymentPostprocessing = 0;
		};
		F0AE5246220F70ED00463758 /* Resources */ = {
			isa = PBXResourcesBuildPhase;
			buildActionMask = 2147483647;
			files = (
			);
			runOnlyForDeploymentPostprocessing = 0;
		};
/* End PBXResourcesBuildPhase section */

/* Begin PBXShellScriptBuildPhase section */
		5AD4C9A4B615E42AF25855C7 /* [CP] Embed Pods Frameworks */ = {
			isa = PBXShellScriptBuildPhase;
			buildActionMask = 2147483647;
			files = (
			);
			inputPaths = (
				"${SRCROOT}/Pods/Target Support Files/Pods-SnapKit-Intro/Pods-SnapKit-Intro-frameworks.sh",
				"${BUILT_PRODUCTS_DIR}/Bond/Bond.framework",
				"${BUILT_PRODUCTS_DIR}/Differ/Differ.framework",
				"${BUILT_PRODUCTS_DIR}/ReactiveKit/ReactiveKit.framework",
				"${BUILT_PRODUCTS_DIR}/SnapKit/SnapKit.framework",
			);
			name = "[CP] Embed Pods Frameworks";
			outputPaths = (
				"${TARGET_BUILD_DIR}/${FRAMEWORKS_FOLDER_PATH}/Bond.framework",
				"${TARGET_BUILD_DIR}/${FRAMEWORKS_FOLDER_PATH}/Differ.framework",
				"${TARGET_BUILD_DIR}/${FRAMEWORKS_FOLDER_PATH}/ReactiveKit.framework",
				"${TARGET_BUILD_DIR}/${FRAMEWORKS_FOLDER_PATH}/SnapKit.framework",
			);
			runOnlyForDeploymentPostprocessing = 0;
			shellPath = /bin/sh;
			shellScript = "\"${SRCROOT}/Pods/Target Support Files/Pods-SnapKit-Intro/Pods-SnapKit-Intro-frameworks.sh\"\n";
			showEnvVarsInLog = 0;
		};
		98A65F93F34DAF3731A02176 /* [CP] Check Pods Manifest.lock */ = {
			isa = PBXShellScriptBuildPhase;
			buildActionMask = 2147483647;
			files = (
			);
			inputPaths = (
				"${PODS_PODFILE_DIR_PATH}/Podfile.lock",
				"${PODS_ROOT}/Manifest.lock",
			);
			name = "[CP] Check Pods Manifest.lock";
			outputPaths = (
				"$(DERIVED_FILE_DIR)/Pods-SnapKit-Intro-checkManifestLockResult.txt",
			);
			runOnlyForDeploymentPostprocessing = 0;
			shellPath = /bin/sh;
			shellScript = "diff \"${PODS_PODFILE_DIR_PATH}/Podfile.lock\" \"${PODS_ROOT}/Manifest.lock\" > /dev/null\nif [ $? != 0 ] ; then\n    # print error to STDERR\n    echo \"error: The sandbox is not in sync with the Podfile.lock. Run 'pod install' or update your CocoaPods installation.\" >&2\n    exit 1\nfi\n# This output is used by Xcode 'outputs' to avoid re-running this script phase.\necho \"SUCCESS\" > \"${SCRIPT_OUTPUT_FILE_0}\"\n";
			showEnvVarsInLog = 0;
		};
/* End PBXShellScriptBuildPhase section */

/* Begin PBXSourcesBuildPhase section */
		F0125A6E220CBBD300469277 /* Sources */ = {
			isa = PBXSourcesBuildPhase;
			buildActionMask = 2147483647;
			files = (
				F0ADC4B9220CC0F30030C487 /* NumberPadView.swift in Sources */,
				F0ADC4BE220DF8E00030C487 /* UIColor + Extensions.swift in Sources */,
				F0125A78220CBBD300469277 /* QuizViewController.swift in Sources */,
				F0AE5243220F68C000463758 /* QuizViewModel.swift in Sources */,
				F0ADC4E4220EF03E0030C487 /* Answer.swift in Sources */,
				F02C4865220F156800F6F8F6 /* InputViewModel.swift in Sources */,
				F0ADC4E1220EE9090030C487 /* DisplayView.swift in Sources */,
				F02C4867220F30C900F6F8F6 /* DisplayViewModel.swift in Sources */,
				F0125A76220CBBD300469277 /* AppDelegate.swift in Sources */,
				F0ADC4DF220E33100030C487 /* PadBtn.swift in Sources */,
			);
			runOnlyForDeploymentPostprocessing = 0;
		};
		F0AE5244220F70ED00463758 /* Sources */ = {
			isa = PBXSourcesBuildPhase;
			buildActionMask = 2147483647;
			files = (
				F0AE524B220F70EE00463758 /* SnapKit_IntroTests.swift in Sources */,
				F0E82B3722248275009A4171 /* InputViewModelTests.swift in Sources */,
				F0E82B39222482AA009A4171 /* DisplayViewModelTests.swift in Sources */,
			);
			runOnlyForDeploymentPostprocessing = 0;
		};
/* End PBXSourcesBuildPhase section */

/* Begin PBXTargetDependency section */
		F0AE524E220F70EE00463758 /* PBXTargetDependency */ = {
			isa = PBXTargetDependency;
			target = F0125A71220CBBD300469277 /* SnapKit-Intro */;
			targetProxy = F0AE524D220F70EE00463758 /* PBXContainerItemProxy */;
		};
/* End PBXTargetDependency section */

/* Begin PBXVariantGroup section */
		F0125A7E220CBBD500469277 /* LaunchScreen.storyboard */ = {
			isa = PBXVariantGroup;
			children = (
				F0125A7F220CBBD500469277 /* Base */,
			);
			name = LaunchScreen.storyboard;
			sourceTree = "<group>";
		};
/* End PBXVariantGroup section */

/* Begin XCBuildConfiguration section */
		F0125A82220CBBD500469277 /* Debug */ = {
			isa = XCBuildConfiguration;
			buildSettings = {
				ALWAYS_SEARCH_USER_PATHS = NO;
				CLANG_ANALYZER_NONNULL = YES;
				CLANG_ANALYZER_NUMBER_OBJECT_CONVERSION = YES_AGGRESSIVE;
				CLANG_CXX_LANGUAGE_STANDARD = "gnu++14";
				CLANG_CXX_LIBRARY = "libc++";
				CLANG_ENABLE_MODULES = YES;
				CLANG_ENABLE_OBJC_ARC = YES;
				CLANG_ENABLE_OBJC_WEAK = YES;
				CLANG_WARN_BLOCK_CAPTURE_AUTORELEASING = YES;
				CLANG_WARN_BOOL_CONVERSION = YES;
				CLANG_WARN_COMMA = YES;
				CLANG_WARN_CONSTANT_CONVERSION = YES;
				CLANG_WARN_DEPRECATED_OBJC_IMPLEMENTATIONS = YES;
				CLANG_WARN_DIRECT_OBJC_ISA_USAGE = YES_ERROR;
				CLANG_WARN_DOCUMENTATION_COMMENTS = YES;
				CLANG_WARN_EMPTY_BODY = YES;
				CLANG_WARN_ENUM_CONVERSION = YES;
				CLANG_WARN_INFINITE_RECURSION = YES;
				CLANG_WARN_INT_CONVERSION = YES;
				CLANG_WARN_NON_LITERAL_NULL_CONVERSION = YES;
				CLANG_WARN_OBJC_IMPLICIT_RETAIN_SELF = YES;
				CLANG_WARN_OBJC_LITERAL_CONVERSION = YES;
				CLANG_WARN_OBJC_ROOT_CLASS = YES_ERROR;
				CLANG_WARN_RANGE_LOOP_ANALYSIS = YES;
				CLANG_WARN_STRICT_PROTOTYPES = YES;
				CLANG_WARN_SUSPICIOUS_MOVE = YES;
				CLANG_WARN_UNGUARDED_AVAILABILITY = YES_AGGRESSIVE;
				CLANG_WARN_UNREACHABLE_CODE = YES;
				CLANG_WARN__DUPLICATE_METHOD_MATCH = YES;
				CODE_SIGN_IDENTITY = "iPhone Developer";
				COPY_PHASE_STRIP = NO;
				DEBUG_INFORMATION_FORMAT = dwarf;
				ENABLE_STRICT_OBJC_MSGSEND = YES;
				ENABLE_TESTABILITY = YES;
				GCC_C_LANGUAGE_STANDARD = gnu11;
				GCC_DYNAMIC_NO_PIC = NO;
				GCC_NO_COMMON_BLOCKS = YES;
				GCC_OPTIMIZATION_LEVEL = 0;
				GCC_PREPROCESSOR_DEFINITIONS = (
					"DEBUG=1",
					"$(inherited)",
				);
				GCC_WARN_64_TO_32_BIT_CONVERSION = YES;
				GCC_WARN_ABOUT_RETURN_TYPE = YES_ERROR;
				GCC_WARN_UNDECLARED_SELECTOR = YES;
				GCC_WARN_UNINITIALIZED_AUTOS = YES_AGGRESSIVE;
				GCC_WARN_UNUSED_FUNCTION = YES;
				GCC_WARN_UNUSED_VARIABLE = YES;
				IPHONEOS_DEPLOYMENT_TARGET = 12.1;
				MTL_ENABLE_DEBUG_INFO = INCLUDE_SOURCE;
				MTL_FAST_MATH = YES;
				ONLY_ACTIVE_ARCH = YES;
				SDKROOT = iphoneos;
				SWIFT_ACTIVE_COMPILATION_CONDITIONS = DEBUG;
				SWIFT_OPTIMIZATION_LEVEL = "-Onone";
			};
			name = Debug;
		};
		F0125A83220CBBD500469277 /* Release */ = {
			isa = XCBuildConfiguration;
			buildSettings = {
				ALWAYS_SEARCH_USER_PATHS = NO;
				CLANG_ANALYZER_NONNULL = YES;
				CLANG_ANALYZER_NUMBER_OBJECT_CONVERSION = YES_AGGRESSIVE;
				CLANG_CXX_LANGUAGE_STANDARD = "gnu++14";
				CLANG_CXX_LIBRARY = "libc++";
				CLANG_ENABLE_MODULES = YES;
				CLANG_ENABLE_OBJC_ARC = YES;
				CLANG_ENABLE_OBJC_WEAK = YES;
				CLANG_WARN_BLOCK_CAPTURE_AUTORELEASING = YES;
				CLANG_WARN_BOOL_CONVERSION = YES;
				CLANG_WARN_COMMA = YES;
				CLANG_WARN_CONSTANT_CONVERSION = YES;
				CLANG_WARN_DEPRECATED_OBJC_IMPLEMENTATIONS = YES;
				CLANG_WARN_DIRECT_OBJC_ISA_USAGE = YES_ERROR;
				CLANG_WARN_DOCUMENTATION_COMMENTS = YES;
				CLANG_WARN_EMPTY_BODY = YES;
				CLANG_WARN_ENUM_CONVERSION = YES;
				CLANG_WARN_INFINITE_RECURSION = YES;
				CLANG_WARN_INT_CONVERSION = YES;
				CLANG_WARN_NON_LITERAL_NULL_CONVERSION = YES;
				CLANG_WARN_OBJC_IMPLICIT_RETAIN_SELF = YES;
				CLANG_WARN_OBJC_LITERAL_CONVERSION = YES;
				CLANG_WARN_OBJC_ROOT_CLASS = YES_ERROR;
				CLANG_WARN_RANGE_LOOP_ANALYSIS = YES;
				CLANG_WARN_STRICT_PROTOTYPES = YES;
				CLANG_WARN_SUSPICIOUS_MOVE = YES;
				CLANG_WARN_UNGUARDED_AVAILABILITY = YES_AGGRESSIVE;
				CLANG_WARN_UNREACHABLE_CODE = YES;
				CLANG_WARN__DUPLICATE_METHOD_MATCH = YES;
				CODE_SIGN_IDENTITY = "iPhone Developer";
				COPY_PHASE_STRIP = NO;
				DEBUG_INFORMATION_FORMAT = "dwarf-with-dsym";
				ENABLE_NS_ASSERTIONS = NO;
				ENABLE_STRICT_OBJC_MSGSEND = YES;
				GCC_C_LANGUAGE_STANDARD = gnu11;
				GCC_NO_COMMON_BLOCKS = YES;
				GCC_WARN_64_TO_32_BIT_CONVERSION = YES;
				GCC_WARN_ABOUT_RETURN_TYPE = YES_ERROR;
				GCC_WARN_UNDECLARED_SELECTOR = YES;
				GCC_WARN_UNINITIALIZED_AUTOS = YES_AGGRESSIVE;
				GCC_WARN_UNUSED_FUNCTION = YES;
				GCC_WARN_UNUSED_VARIABLE = YES;
				IPHONEOS_DEPLOYMENT_TARGET = 12.1;
				MTL_ENABLE_DEBUG_INFO = NO;
				MTL_FAST_MATH = YES;
				SDKROOT = iphoneos;
				SWIFT_COMPILATION_MODE = wholemodule;
				SWIFT_OPTIMIZATION_LEVEL = "-O";
				VALIDATE_PRODUCT = YES;
			};
			name = Release;
		};
		F0125A85220CBBD500469277 /* Debug */ = {
			isa = XCBuildConfiguration;
			baseConfigurationReference = 1EBF527FDA47FEE588A35FD8 /* Pods-SnapKit-Intro.debug.xcconfig */;
			buildSettings = {
				ASSETCATALOG_COMPILER_APPICON_NAME = AppIcon;
				CODE_SIGN_STYLE = Automatic;
				DEVELOPMENT_TEAM = 6YRYEG2DL8;
				INFOPLIST_FILE = "SnapKit-Intro/Info.plist";
				LD_RUNPATH_SEARCH_PATHS = (
					"$(inherited)",
					"@executable_path/Frameworks",
				);
				PRODUCT_BUNDLE_IDENTIFIER = "com.landahoy55.SnapKit-Intro";
				PRODUCT_NAME = "$(TARGET_NAME)";
				SWIFT_VERSION = 4.2;
				TARGETED_DEVICE_FAMILY = "1,2";
			};
			name = Debug;
		};
		F0125A86220CBBD500469277 /* Release */ = {
			isa = XCBuildConfiguration;
			baseConfigurationReference = 71A803D9B1F3D1D52E720FFB /* Pods-SnapKit-Intro.release.xcconfig */;
			buildSettings = {
				ASSETCATALOG_COMPILER_APPICON_NAME = AppIcon;
				CODE_SIGN_STYLE = Automatic;
				DEVELOPMENT_TEAM = 6YRYEG2DL8;
				INFOPLIST_FILE = "SnapKit-Intro/Info.plist";
				LD_RUNPATH_SEARCH_PATHS = (
					"$(inherited)",
					"@executable_path/Frameworks",
				);
				PRODUCT_BUNDLE_IDENTIFIER = "com.landahoy55.SnapKit-Intro";
				PRODUCT_NAME = "$(TARGET_NAME)";
				SWIFT_VERSION = 4.2;
				TARGETED_DEVICE_FAMILY = "1,2";
			};
			name = Release;
		};
		F0AE5250220F70EE00463758 /* Debug */ = {
			isa = XCBuildConfiguration;
			buildSettings = {
				BUNDLE_LOADER = "$(TEST_HOST)";
				CODE_SIGN_STYLE = Automatic;
				DEVELOPMENT_TEAM = 6YRYEG2DL8;
				INFOPLIST_FILE = "SnapKit-IntroTests/Info.plist";
				LD_RUNPATH_SEARCH_PATHS = (
					"$(inherited)",
					"@executable_path/Frameworks",
					"@loader_path/Frameworks",
				);
				PRODUCT_BUNDLE_IDENTIFIER = "com.landahoy55.SnapKit-IntroTests";
				PRODUCT_NAME = "$(TARGET_NAME)";
				SWIFT_VERSION = 4.2;
				TARGETED_DEVICE_FAMILY = "1,2";
				TEST_HOST = "$(BUILT_PRODUCTS_DIR)/SnapKit-Intro.app/SnapKit-Intro";
			};
			name = Debug;
		};
		F0AE5251220F70EE00463758 /* Release */ = {
			isa = XCBuildConfiguration;
			buildSettings = {
				BUNDLE_LOADER = "$(TEST_HOST)";
				CODE_SIGN_STYLE = Automatic;
				DEVELOPMENT_TEAM = 6YRYEG2DL8;
				INFOPLIST_FILE = "SnapKit-IntroTests/Info.plist";
				LD_RUNPATH_SEARCH_PATHS = (
					"$(inherited)",
					"@executable_path/Frameworks",
					"@loader_path/Frameworks",
				);
				PRODUCT_BUNDLE_IDENTIFIER = "com.landahoy55.SnapKit-IntroTests";
				PRODUCT_NAME = "$(TARGET_NAME)";
				SWIFT_VERSION = 4.2;
				TARGETED_DEVICE_FAMILY = "1,2";
				TEST_HOST = "$(BUILT_PRODUCTS_DIR)/SnapKit-Intro.app/SnapKit-Intro";
			};
			name = Release;
		};
/* End XCBuildConfiguration section */

/* Begin XCConfigurationList section */
		F0125A6D220CBBD300469277 /* Build configuration list for PBXProject "SnapKit-Intro" */ = {
			isa = XCConfigurationList;
			buildConfigurations = (
				F0125A82220CBBD500469277 /* Debug */,
				F0125A83220CBBD500469277 /* Release */,
			);
			defaultConfigurationIsVisible = 0;
			defaultConfigurationName = Release;
		};
		F0125A84220CBBD500469277 /* Build configuration list for PBXNativeTarget "SnapKit-Intro" */ = {
			isa = XCConfigurationList;
			buildConfigurations = (
				F0125A85220CBBD500469277 /* Debug */,
				F0125A86220CBBD500469277 /* Release */,
			);
			defaultConfigurationIsVisible = 0;
			defaultConfigurationName = Release;
		};
		F0AE524F220F70EE00463758 /* Build configuration list for PBXNativeTarget "SnapKit-IntroTests" */ = {
			isa = XCConfigurationList;
			buildConfigurations = (
				F0AE5250220F70EE00463758 /* Debug */,
				F0AE5251220F70EE00463758 /* Release */,
			);
			defaultConfigurationIsVisible = 0;
			defaultConfigurationName = Release;
		};
/* End XCConfigurationList section */
	};
	rootObject = F0125A6A220CBBD300469277 /* Project object */;
}
